Microsoft Visual Studio Solution File, Format Version 12.00
# Visual Studio Version 17
VisualStudioVersion = 17.5.2.0
MinimumVisualStudioVersion = 10.0.40219.1
Project("{FAE04EC0-301F-11D3-BF4B-00C04F79EFBC}") = "TableConverter", "TableConverter.csproj", "{0A892AA2-FBE9-9922-32AC-1CB93A9611AA}"
EndProject
Global
	GlobalSection(SolutionConfigurationPlatforms) = preSolution
		Debug|Any CPU = Debug|Any CPU
		Release|Any CPU = Release|Any CPU
	EndGlobalSection
	GlobalSection(ProjectConfigurationPlatforms) = postSolution
		{0A892AA2-FBE9-9922-32AC-1CB93A9611AA}.Debug|Any CPU.ActiveCfg = Debug|Any CPU
		{0A892AA2-FBE9-9922-32AC-1CB93A9611AA}.Debug|Any CPU.Build.0 = Debug|Any CPU
		{0A892AA2-FBE9-9922-32AC-1CB93A9611AA}.Release|Any CPU.ActiveCfg = Release|Any CPU
		{0A892AA2-FBE9-9922-32AC-1CB93A9611AA}.Release|Any CPU.Build.0 = Release|Any CPU
	EndGlobalSection
	GlobalSection(SolutionProperties) = preSolution
		HideSolutionNode = FALSE
	EndGlobalSection
	GlobalSection(ExtensibilityGlobals) = postSolution
		SolutionGuid = {C7124ED3-6158-4662-945C-2CAAF7EC4987}
	EndGlobalSection
EndGlobal
